
Microsoft Visual Studio Solution File, Format Version 12.00
# Visual Studio 2012
Project("{FAE04EC0-301F-11D3-BF4B-00C04F79EFBC}") = "VpNet", "VpNet\VpNet.csproj", "{DBE501A7-0176-473F-B2E8-F4ADA721917F}"
EndProject
Project("{2150E333-8FDC-42A3-9474-1A3956D46DE8}") = "Dependencies", "Dependencies", "{FD3C7436-CC7D-4470-8763-1897F8E3285C}"
	ProjectSection(SolutionItems) = preProject
		Dependencies\rc.h = Dependencies\rc.h
		Dependencies\VP.h = Dependencies\VP.h
		Dependencies\vpsdk.dll = Dependencies\vpsdk.dll
	EndProjectSection
EndProject
Project("{FAE04EC0-301F-11D3-BF4B-00C04F79EFBC}") = "VpNet.Examples", "VpNet.Examples\VpNet.Examples.csproj", "{D66218D0-E532-4D70-B592-A59F3E02DB57}"
EndProject
Global
	GlobalSection(SubversionScc) = preSolution
		Svn-Managed = True
		Manager = AnkhSVN - Subversion Support for Visual Studio
	EndGlobalSection
	GlobalSection(SolutionConfigurationPlatforms) = preSolution
		Debug|Any CPU = Debug|Any CPU
		Release|Any CPU = Release|Any CPU
	EndGlobalSection
	GlobalSection(ProjectConfigurationPlatforms) = postSolution
		{DBE501A7-0176-473F-B2E8-F4ADA721917F}.Debug|Any CPU.ActiveCfg = Debug|Any CPU
		{DBE501A7-0176-473F-B2E8-F4ADA721917F}.Debug|Any CPU.Build.0 = Debug|Any CPU
		{DBE501A7-0176-473F-B2E8-F4ADA721917F}.Release|Any CPU.ActiveCfg = Release|Any CPU
		{DBE501A7-0176-473F-B2E8-F4ADA721917F}.Release|Any CPU.Build.0 = Release|Any CPU
		{D66218D0-E532-4D70-B592-A59F3E02DB57}.Debug|Any CPU.ActiveCfg = Debug|Any CPU
		{D66218D0-E532-4D70-B592-A59F3E02DB57}.Debug|Any CPU.Build.0 = Debug|Any CPU
		{D66218D0-E532-4D70-B592-A59F3E02DB57}.Release|Any CPU.ActiveCfg = Release|Any CPU
		{D66218D0-E532-4D70-B592-A59F3E02DB57}.Release|Any CPU.Build.0 = Release|Any CPU
	EndGlobalSection
	GlobalSection(SolutionProperties) = preSolution
		HideSolutionNode = FALSE
	EndGlobalSection
EndGlobal
