
Microsoft Visual Studio Solution File, Format Version 12.00
# Visual Studio 2012
Project("{FAE04EC0-301F-11D3-BF4B-00C04F79EFBC}") = "VpNet", "VpNet\VpNet.csproj", "{DBE501A7-0176-473F-B2E8-F4ADA721917F}"
EndProject
Project("{2150E333-8FDC-42A3-9474-1A3956D46DE8}") = "Dependencies", "Dependencies", "{FD3C7436-CC7D-4470-8763-1897F8E3285C}"
	ProjectSection(SolutionItems) = preProject
		Dependencies\rc.h = Dependencies\rc.h
		Dependencies\VP.h = Dependencies\VP.h
		Dependencies\vpsdk.dll = Dependencies\vpsdk.dll
	EndProjectSection
EndProject
Project("{2150E333-8FDC-42A3-9474-1A3956D46DE8}") = "vp-linux-amd64", "vp-linux-amd64", "{B5EA62E4-B65E-4FC3-96A6-39BF496E9C5F}"
	ProjectSection(SolutionItems) = preProject
		Dependencies\vp-linux-amd64\libvpsdk.a = Dependencies\vp-linux-amd64\libvpsdk.a
		Dependencies\vp-linux-amd64\rc.h = Dependencies\vp-linux-amd64\rc.h
		Dependencies\vp-linux-amd64\VP.h = Dependencies\vp-linux-amd64\VP.h
	EndProjectSection
EndProject
Project("{2150E333-8FDC-42A3-9474-1A3956D46DE8}") = "vp-linux-centos-x86_64", "vp-linux-centos-x86_64", "{BD066E75-E7D9-43FC-818D-38E7BE4AF77A}"
	ProjectSection(SolutionItems) = preProject
		Dependencies\vp-linux-centos-x86_64\libvpsdk.so = Dependencies\vp-linux-centos-x86_64\libvpsdk.so
		Dependencies\vp-linux-centos-x86_64\rc.h = Dependencies\vp-linux-centos-x86_64\rc.h
		Dependencies\vp-linux-centos-x86_64\VP.h = Dependencies\vp-linux-centos-x86_64\VP.h
	EndProjectSection
EndProject
Project("{FAE04EC0-301F-11D3-BF4B-00C04F79EFBC}") = "VpNet.Plugins", "VpNet.Plugins\VpNet.Plugins.csproj", "{12ED368E-CB3A-426A-AD69-C1FDC69EF978}"
EndProject
Project("{FAE04EC0-301F-11D3-BF4B-00C04F79EFBC}") = "VpNet.VpConsole", "VpNet.VpConsole\VpNet.VpConsole.csproj", "{D66218D0-E532-4D70-B592-A59F3E02DB57}"
EndProject
Global
	GlobalSection(SubversionScc) = preSolution
		Svn-Managed = True
		Manager = AnkhSVN - Subversion Support for Visual Studio
	EndGlobalSection
	GlobalSection(SolutionConfigurationPlatforms) = preSolution
		Debug|Any CPU = Debug|Any CPU
		Release|Any CPU = Release|Any CPU
	EndGlobalSection
	GlobalSection(ProjectConfigurationPlatforms) = postSolution
		{DBE501A7-0176-473F-B2E8-F4ADA721917F}.Debug|Any CPU.ActiveCfg = Debug|Any CPU
		{DBE501A7-0176-473F-B2E8-F4ADA721917F}.Debug|Any CPU.Build.0 = Debug|Any CPU
		{DBE501A7-0176-473F-B2E8-F4ADA721917F}.Release|Any CPU.ActiveCfg = Release|Any CPU
		{DBE501A7-0176-473F-B2E8-F4ADA721917F}.Release|Any CPU.Build.0 = Release|Any CPU
		{12ED368E-CB3A-426A-AD69-C1FDC69EF978}.Debug|Any CPU.ActiveCfg = Debug|Any CPU
		{12ED368E-CB3A-426A-AD69-C1FDC69EF978}.Debug|Any CPU.Build.0 = Debug|Any CPU
		{12ED368E-CB3A-426A-AD69-C1FDC69EF978}.Release|Any CPU.ActiveCfg = Release|Any CPU
		{12ED368E-CB3A-426A-AD69-C1FDC69EF978}.Release|Any CPU.Build.0 = Release|Any CPU
		{D66218D0-E532-4D70-B592-A59F3E02DB57}.Debug|Any CPU.ActiveCfg = Debug|Any CPU
		{D66218D0-E532-4D70-B592-A59F3E02DB57}.Debug|Any CPU.Build.0 = Debug|Any CPU
		{D66218D0-E532-4D70-B592-A59F3E02DB57}.Release|Any CPU.ActiveCfg = Release|Any CPU
		{D66218D0-E532-4D70-B592-A59F3E02DB57}.Release|Any CPU.Build.0 = Release|Any CPU
	EndGlobalSection
	GlobalSection(SolutionProperties) = preSolution
		HideSolutionNode = FALSE
	EndGlobalSection
	GlobalSection(NestedProjects) = preSolution
		{B5EA62E4-B65E-4FC3-96A6-39BF496E9C5F} = {FD3C7436-CC7D-4470-8763-1897F8E3285C}
		{BD066E75-E7D9-43FC-818D-38E7BE4AF77A} = {FD3C7436-CC7D-4470-8763-1897F8E3285C}
	EndGlobalSection
EndGlobal
